
Microsoft Visual Studio Solution File, Format Version 12.00
Project("{2150E333-8FDC-42A3-9474-1A3956D46DE8}") = "src", "src", "{740092BD-A009-4309-BA0B-2D7279593614}"
EndProject
Project("{2150E333-8FDC-42A3-9474-1A3956D46DE8}") = "Common", "Common", "{ADA8AD66-53CF-4E32-91C8-487E16728AAD}"
EndProject
Project("{2150E333-8FDC-42A3-9474-1A3956D46DE8}") = "Core", "Core", "{1D547261-2EB1-42B9-8153-B0A37EFDD850}"
EndProject
Project("{2150E333-8FDC-42A3-9474-1A3956D46DE8}") = "Infrastructure", "Infrastructure", "{E8694423-ED56-4B61-88C7-2F3712C3BA20}"
EndProject
Project("{2150E333-8FDC-42A3-9474-1A3956D46DE8}") = "Presentation", "Presentation", "{9992BD8B-C0D3-422F-9C6C-4933FDF72015}"
EndProject
Project("{FAE04EC0-301F-11D3-BF4B-00C04F79EFBC}") = "DDDProject.API", "DDDProject.API\DDDProject.API.csproj", "{BDE351FF-E92C-43A1-A05C-A1CC10A167D4}"
EndProject
Project("{FAE04EC0-301F-11D3-BF4B-00C04F79EFBC}") = "DDDProject.Persistence", "DDDProject.Persistence\DDDProject.Persistence.csproj", "{8B95BE60-D270-470F-8951-25BBA98B2F70}"
EndProject
Project("{FAE04EC0-301F-11D3-BF4B-00C04F79EFBC}") = "DDDProject.Infrastructure", "DDDProject.Infrastructure\DDDProject.Infrastructure.csproj", "{38CC5680-1B7B-418B-B547-1DAC48F6643B}"
EndProject
Project("{FAE04EC0-301F-11D3-BF4B-00C04F79EFBC}") = "DDDProject.Domain", "DDDProject.Domain\DDDProject.Domain.csproj", "{7DCE5EA8-AD79-43ED-9567-6704834BD556}"
EndProject
Project("{FAE04EC0-301F-11D3-BF4B-00C04F79EFBC}") = "DDDProject.Application", "DDDProject.Application\DDDProject.Application.csproj", "{5DC5D783-DD29-407A-9270-F3274ABF8E1A}"
EndProject
Project("{FAE04EC0-301F-11D3-BF4B-00C04F79EFBC}") = "DDDProject.Common", "DDDProject.Common\DDDProject.Common.csproj", "{A66B29EE-D252-4290-AABF-6DB2FC39888C}"
EndProject
Global
	GlobalSection(SolutionConfigurationPlatforms) = preSolution
		Debug|Any CPU = Debug|Any CPU
		Release|Any CPU = Release|Any CPU
	EndGlobalSection
	GlobalSection(NestedProjects) = preSolution
		{ADA8AD66-53CF-4E32-91C8-487E16728AAD} = {740092BD-A009-4309-BA0B-2D7279593614}
		{1D547261-2EB1-42B9-8153-B0A37EFDD850} = {740092BD-A009-4309-BA0B-2D7279593614}
		{E8694423-ED56-4B61-88C7-2F3712C3BA20} = {740092BD-A009-4309-BA0B-2D7279593614}
		{9992BD8B-C0D3-422F-9C6C-4933FDF72015} = {740092BD-A009-4309-BA0B-2D7279593614}
		{BDE351FF-E92C-43A1-A05C-A1CC10A167D4} = {9992BD8B-C0D3-422F-9C6C-4933FDF72015}
		{8B95BE60-D270-470F-8951-25BBA98B2F70} = {E8694423-ED56-4B61-88C7-2F3712C3BA20}
		{38CC5680-1B7B-418B-B547-1DAC48F6643B} = {E8694423-ED56-4B61-88C7-2F3712C3BA20}
		{7DCE5EA8-AD79-43ED-9567-6704834BD556} = {1D547261-2EB1-42B9-8153-B0A37EFDD850}
		{5DC5D783-DD29-407A-9270-F3274ABF8E1A} = {1D547261-2EB1-42B9-8153-B0A37EFDD850}
		{A66B29EE-D252-4290-AABF-6DB2FC39888C} = {ADA8AD66-53CF-4E32-91C8-487E16728AAD}
	EndGlobalSection
	GlobalSection(ProjectConfigurationPlatforms) = postSolution
		{BDE351FF-E92C-43A1-A05C-A1CC10A167D4}.Debug|Any CPU.ActiveCfg = Debug|Any CPU
		{BDE351FF-E92C-43A1-A05C-A1CC10A167D4}.Debug|Any CPU.Build.0 = Debug|Any CPU
		{BDE351FF-E92C-43A1-A05C-A1CC10A167D4}.Release|Any CPU.ActiveCfg = Release|Any CPU
		{BDE351FF-E92C-43A1-A05C-A1CC10A167D4}.Release|Any CPU.Build.0 = Release|Any CPU
		{8B95BE60-D270-470F-8951-25BBA98B2F70}.Debug|Any CPU.ActiveCfg = Debug|Any CPU
		{8B95BE60-D270-470F-8951-25BBA98B2F70}.Debug|Any CPU.Build.0 = Debug|Any CPU
		{8B95BE60-D270-470F-8951-25BBA98B2F70}.Release|Any CPU.ActiveCfg = Release|Any CPU
		{8B95BE60-D270-470F-8951-25BBA98B2F70}.Release|Any CPU.Build.0 = Release|Any CPU
		{38CC5680-1B7B-418B-B547-1DAC48F6643B}.Debug|Any CPU.ActiveCfg = Debug|Any CPU
		{38CC5680-1B7B-418B-B547-1DAC48F6643B}.Debug|Any CPU.Build.0 = Debug|Any CPU
		{38CC5680-1B7B-418B-B547-1DAC48F6643B}.Release|Any CPU.ActiveCfg = Release|Any CPU
		{38CC5680-1B7B-418B-B547-1DAC48F6643B}.Release|Any CPU.Build.0 = Release|Any CPU
		{7DCE5EA8-AD79-43ED-9567-6704834BD556}.Debug|Any CPU.ActiveCfg = Debug|Any CPU
		{7DCE5EA8-AD79-43ED-9567-6704834BD556}.Debug|Any CPU.Build.0 = Debug|Any CPU
		{7DCE5EA8-AD79-43ED-9567-6704834BD556}.Release|Any CPU.ActiveCfg = Release|Any CPU
		{7DCE5EA8-AD79-43ED-9567-6704834BD556}.Release|Any CPU.Build.0 = Release|Any CPU
		{5DC5D783-DD29-407A-9270-F3274ABF8E1A}.Debug|Any CPU.ActiveCfg = Debug|Any CPU
		{5DC5D783-DD29-407A-9270-F3274ABF8E1A}.Debug|Any CPU.Build.0 = Debug|Any CPU
		{5DC5D783-DD29-407A-9270-F3274ABF8E1A}.Release|Any CPU.ActiveCfg = Release|Any CPU
		{5DC5D783-DD29-407A-9270-F3274ABF8E1A}.Release|Any CPU.Build.0 = Release|Any CPU
		{A66B29EE-D252-4290-AABF-6DB2FC39888C}.Debug|Any CPU.ActiveCfg = Debug|Any CPU
		{A66B29EE-D252-4290-AABF-6DB2FC39888C}.Debug|Any CPU.Build.0 = Debug|Any CPU
		{A66B29EE-D252-4290-AABF-6DB2FC39888C}.Release|Any CPU.ActiveCfg = Release|Any CPU
		{A66B29EE-D252-4290-AABF-6DB2FC39888C}.Release|Any CPU.Build.0 = Release|Any CPU
	EndGlobalSection
EndGlobal
