
Microsoft Visual Studio Solution File, Format Version 12.00
Project("{2150E333-8FDC-42A3-9474-1A3956D46DE8}") = "Src", "Src", "{5F64448C-1D15-4BFE-96F7-B60812FD96CD}"
EndProject
Project("{2150E333-8FDC-42A3-9474-1A3956D46DE8}") = "Common", "Common", "{C15D29F5-805A-47EA-A8B2-C499558C5F6D}"
EndProject
Project("{2150E333-8FDC-42A3-9474-1A3956D46DE8}") = "Core", "Core", "{F74B8CF3-D7AD-44E7-AD5D-1A640F98C877}"
EndProject
Project("{2150E333-8FDC-42A3-9474-1A3956D46DE8}") = "Infrastructure", "Infrastructure", "{6492D7D8-8916-4BDE-8CE7-E5878B98AC64}"
EndProject
Project("{2150E333-8FDC-42A3-9474-1A3956D46DE8}") = "Presentation", "Presentation", "{80870CBC-C64F-4970-A4A4-9DDA401348EB}"
EndProject
Project("{FAE04EC0-301F-11D3-BF4B-00C04F79EFBC}") = "Lab05.Common", "Lab05.Common\Lab05.Common.csproj", "{A4524522-5550-4EAB-BB17-62F49FF41274}"
EndProject
Project("{FAE04EC0-301F-11D3-BF4B-00C04F79EFBC}") = "Lab05.Core", "Lab05.Core\Lab05.Core.csproj", "{3400BD3C-9E82-4CD9-B16C-C76B1D9297D4}"
EndProject
Project("{FAE04EC0-301F-11D3-BF4B-00C04F79EFBC}") = "Lab05.Infrastructure", "Lab05.Infrastructure\Lab05.Infrastructure.csproj", "{AB075DBE-C1FE-4A2A-93B7-5F9985A42EFA}"
EndProject
Project("{FAE04EC0-301F-11D3-BF4B-00C04F79EFBC}") = "Lab05.Presentation", "Lab05.Presentation\Lab05.Presentation.csproj", "{758B72DF-6B4F-4EFD-A218-990F0408E3D9}"
EndProject
Global
	GlobalSection(SolutionConfigurationPlatforms) = preSolution
		Debug|Any CPU = Debug|Any CPU
		Release|Any CPU = Release|Any CPU
	EndGlobalSection
	GlobalSection(NestedProjects) = preSolution
		{C15D29F5-805A-47EA-A8B2-C499558C5F6D} = {5F64448C-1D15-4BFE-96F7-B60812FD96CD}
		{F74B8CF3-D7AD-44E7-AD5D-1A640F98C877} = {5F64448C-1D15-4BFE-96F7-B60812FD96CD}
		{6492D7D8-8916-4BDE-8CE7-E5878B98AC64} = {5F64448C-1D15-4BFE-96F7-B60812FD96CD}
		{80870CBC-C64F-4970-A4A4-9DDA401348EB} = {5F64448C-1D15-4BFE-96F7-B60812FD96CD}
		{A4524522-5550-4EAB-BB17-62F49FF41274} = {C15D29F5-805A-47EA-A8B2-C499558C5F6D}
		{3400BD3C-9E82-4CD9-B16C-C76B1D9297D4} = {F74B8CF3-D7AD-44E7-AD5D-1A640F98C877}
		{AB075DBE-C1FE-4A2A-93B7-5F9985A42EFA} = {6492D7D8-8916-4BDE-8CE7-E5878B98AC64}
		{758B72DF-6B4F-4EFD-A218-990F0408E3D9} = {80870CBC-C64F-4970-A4A4-9DDA401348EB}
	EndGlobalSection
	GlobalSection(ProjectConfigurationPlatforms) = postSolution
		{A4524522-5550-4EAB-BB17-62F49FF41274}.Debug|Any CPU.ActiveCfg = Debug|Any CPU
		{A4524522-5550-4EAB-BB17-62F49FF41274}.Debug|Any CPU.Build.0 = Debug|Any CPU
		{A4524522-5550-4EAB-BB17-62F49FF41274}.Release|Any CPU.ActiveCfg = Release|Any CPU
		{A4524522-5550-4EAB-BB17-62F49FF41274}.Release|Any CPU.Build.0 = Release|Any CPU
		{3400BD3C-9E82-4CD9-B16C-C76B1D9297D4}.Debug|Any CPU.ActiveCfg = Debug|Any CPU
		{3400BD3C-9E82-4CD9-B16C-C76B1D9297D4}.Debug|Any CPU.Build.0 = Debug|Any CPU
		{3400BD3C-9E82-4CD9-B16C-C76B1D9297D4}.Release|Any CPU.ActiveCfg = Release|Any CPU
		{3400BD3C-9E82-4CD9-B16C-C76B1D9297D4}.Release|Any CPU.Build.0 = Release|Any CPU
		{AB075DBE-C1FE-4A2A-93B7-5F9985A42EFA}.Debug|Any CPU.ActiveCfg = Debug|Any CPU
		{AB075DBE-C1FE-4A2A-93B7-5F9985A42EFA}.Debug|Any CPU.Build.0 = Debug|Any CPU
		{AB075DBE-C1FE-4A2A-93B7-5F9985A42EFA}.Release|Any CPU.ActiveCfg = Release|Any CPU
		{AB075DBE-C1FE-4A2A-93B7-5F9985A42EFA}.Release|Any CPU.Build.0 = Release|Any CPU
		{758B72DF-6B4F-4EFD-A218-990F0408E3D9}.Debug|Any CPU.ActiveCfg = Debug|Any CPU
		{758B72DF-6B4F-4EFD-A218-990F0408E3D9}.Debug|Any CPU.Build.0 = Debug|Any CPU
		{758B72DF-6B4F-4EFD-A218-990F0408E3D9}.Release|Any CPU.ActiveCfg = Release|Any CPU
		{758B72DF-6B4F-4EFD-A218-990F0408E3D9}.Release|Any CPU.Build.0 = Release|Any CPU
	EndGlobalSection
EndGlobal
