
Microsoft Visual Studio Solution File, Format Version 12.00
Project("{2150E333-8FDC-42A3-9474-1A3956D46DE8}") = "Src", "Src", "{5F64448C-1D15-4BFE-96F7-B60812FD96CD}"
EndProject
Project("{2150E333-8FDC-42A3-9474-1A3956D46DE8}") = "Common", "Common", "{C15D29F5-805A-47EA-A8B2-C499558C5F6D}"
EndProject
Project("{2150E333-8FDC-42A3-9474-1A3956D46DE8}") = "Core", "Core", "{F74B8CF3-D7AD-44E7-AD5D-1A640F98C877}"
EndProject
Project("{2150E333-8FDC-42A3-9474-1A3956D46DE8}") = "Infrastructure", "Infrastructure", "{6492D7D8-8916-4BDE-8CE7-E5878B98AC64}"
EndProject
Project("{2150E333-8FDC-42A3-9474-1A3956D46DE8}") = "Presentation", "Presentation", "{80870CBC-C64F-4970-A4A4-9DDA401348EB}"
EndProject
Project("{FAE04EC0-301F-11D3-BF4B-00C04F79EFBC}") = "Lab05.Common", "Lab05.Common\Lab05.Common.csproj", "{A4524522-5550-4EAB-BB17-62F49FF41274}"
EndProject
Project("{FAE04EC0-301F-11D3-BF4B-00C04F79EFBC}") = "Lab05.Infrastructure", "Lab05.Infrastructure\Lab05.Infrastructure.csproj", "{AB075DBE-C1FE-4A2A-93B7-5F9985A42EFA}"
EndProject
Project("{FAE04EC0-301F-11D3-BF4B-00C04F79EFBC}") = "Lab05.Application", "Lab05.Application\Lab05.Application.csproj", "{6758A85B-81B9-4469-83C3-3A172231460A}"
EndProject
Project("{FAE04EC0-301F-11D3-BF4B-00C04F79EFBC}") = "Lab05.Domain", "Lab05.Domain\Lab05.Domain.csproj", "{F7ADF326-95BB-4BBD-88C3-A5FC29348516}"
EndProject
Project("{FAE04EC0-301F-11D3-BF4B-00C04F79EFBC}") = "Lab05.Persistence", "Lab05.Persistence\Lab05.Persistence.csproj", "{1DC2702C-87DB-4A8C-88D2-6AF8EFB285C0}"
EndProject
Project("{FAE04EC0-301F-11D3-BF4B-00C04F79EFBC}") = "Lab05.API", "Lab05.API\Lab05.API.csproj", "{B9E22A4A-63BD-4493-BA87-DC5000605163}"
EndProject
Global
	GlobalSection(SolutionConfigurationPlatforms) = preSolution
		Debug|Any CPU = Debug|Any CPU
		Release|Any CPU = Release|Any CPU
	EndGlobalSection
	GlobalSection(NestedProjects) = preSolution
		{C15D29F5-805A-47EA-A8B2-C499558C5F6D} = {5F64448C-1D15-4BFE-96F7-B60812FD96CD}
		{F74B8CF3-D7AD-44E7-AD5D-1A640F98C877} = {5F64448C-1D15-4BFE-96F7-B60812FD96CD}
		{6492D7D8-8916-4BDE-8CE7-E5878B98AC64} = {5F64448C-1D15-4BFE-96F7-B60812FD96CD}
		{80870CBC-C64F-4970-A4A4-9DDA401348EB} = {5F64448C-1D15-4BFE-96F7-B60812FD96CD}
		{A4524522-5550-4EAB-BB17-62F49FF41274} = {C15D29F5-805A-47EA-A8B2-C499558C5F6D}
		{AB075DBE-C1FE-4A2A-93B7-5F9985A42EFA} = {6492D7D8-8916-4BDE-8CE7-E5878B98AC64}
		{6758A85B-81B9-4469-83C3-3A172231460A} = {F74B8CF3-D7AD-44E7-AD5D-1A640F98C877}
		{F7ADF326-95BB-4BBD-88C3-A5FC29348516} = {F74B8CF3-D7AD-44E7-AD5D-1A640F98C877}
		{1DC2702C-87DB-4A8C-88D2-6AF8EFB285C0} = {6492D7D8-8916-4BDE-8CE7-E5878B98AC64}
		{B9E22A4A-63BD-4493-BA87-DC5000605163} = {80870CBC-C64F-4970-A4A4-9DDA401348EB}
	EndGlobalSection
	GlobalSection(ProjectConfigurationPlatforms) = postSolution
		{A4524522-5550-4EAB-BB17-62F49FF41274}.Debug|Any CPU.ActiveCfg = Debug|Any CPU
		{A4524522-5550-4EAB-BB17-62F49FF41274}.Debug|Any CPU.Build.0 = Debug|Any CPU
		{A4524522-5550-4EAB-BB17-62F49FF41274}.Release|Any CPU.ActiveCfg = Release|Any CPU
		{A4524522-5550-4EAB-BB17-62F49FF41274}.Release|Any CPU.Build.0 = Release|Any CPU
		{AB075DBE-C1FE-4A2A-93B7-5F9985A42EFA}.Debug|Any CPU.ActiveCfg = Debug|Any CPU
		{AB075DBE-C1FE-4A2A-93B7-5F9985A42EFA}.Debug|Any CPU.Build.0 = Debug|Any CPU
		{AB075DBE-C1FE-4A2A-93B7-5F9985A42EFA}.Release|Any CPU.ActiveCfg = Release|Any CPU
		{AB075DBE-C1FE-4A2A-93B7-5F9985A42EFA}.Release|Any CPU.Build.0 = Release|Any CPU
		{6758A85B-81B9-4469-83C3-3A172231460A}.Debug|Any CPU.ActiveCfg = Debug|Any CPU
		{6758A85B-81B9-4469-83C3-3A172231460A}.Debug|Any CPU.Build.0 = Debug|Any CPU
		{6758A85B-81B9-4469-83C3-3A172231460A}.Release|Any CPU.ActiveCfg = Release|Any CPU
		{6758A85B-81B9-4469-83C3-3A172231460A}.Release|Any CPU.Build.0 = Release|Any CPU
		{F7ADF326-95BB-4BBD-88C3-A5FC29348516}.Debug|Any CPU.ActiveCfg = Debug|Any CPU
		{F7ADF326-95BB-4BBD-88C3-A5FC29348516}.Debug|Any CPU.Build.0 = Debug|Any CPU
		{F7ADF326-95BB-4BBD-88C3-A5FC29348516}.Release|Any CPU.ActiveCfg = Release|Any CPU
		{F7ADF326-95BB-4BBD-88C3-A5FC29348516}.Release|Any CPU.Build.0 = Release|Any CPU
		{1DC2702C-87DB-4A8C-88D2-6AF8EFB285C0}.Debug|Any CPU.ActiveCfg = Debug|Any CPU
		{1DC2702C-87DB-4A8C-88D2-6AF8EFB285C0}.Debug|Any CPU.Build.0 = Debug|Any CPU
		{1DC2702C-87DB-4A8C-88D2-6AF8EFB285C0}.Release|Any CPU.ActiveCfg = Release|Any CPU
		{1DC2702C-87DB-4A8C-88D2-6AF8EFB285C0}.Release|Any CPU.Build.0 = Release|Any CPU
		{B9E22A4A-63BD-4493-BA87-DC5000605163}.Debug|Any CPU.ActiveCfg = Debug|Any CPU
		{B9E22A4A-63BD-4493-BA87-DC5000605163}.Debug|Any CPU.Build.0 = Debug|Any CPU
		{B9E22A4A-63BD-4493-BA87-DC5000605163}.Release|Any CPU.ActiveCfg = Release|Any CPU
		{B9E22A4A-63BD-4493-BA87-DC5000605163}.Release|Any CPU.Build.0 = Release|Any CPU
	EndGlobalSection
EndGlobal
